
Microsoft Visual Studio Solution File, Format Version 12.00
# Visual Studio Version 17
VisualStudioVersion = 17.8.34330.188
MinimumVisualStudioVersion = 10.0.40219.1
Project("{2150E333-8FDC-42A3-9474-1A3956D46DE8}") = "Solution Items", "Solution Items", "{34DDB3B8-3D39-42A0-8A57-B97615214A07}"
	ProjectSection(SolutionItems) = preProject
		Code.txt = Code.txt
		README.md = README.md
		Task.txt = Task.txt
	EndProjectSection
EndProject
Project("{9A19103F-16F7-4668-BE54-9A1E7A4F7556}") = "App.Utils", "NetStandard\App.Utils\App.Utils.csproj", "{FED00A26-F7E0-45A2-8998-6CF4F4D4B39B}"
EndProject
Project("{9A19103F-16F7-4668-BE54-9A1E7A4F7556}") = "App.UtilsTests", "NetStandard\App.UtilsTests\App.UtilsTests.csproj", "{2456A3B4-4AF1-424B-B184-56D54E370AB4}"
EndProject
Project("{9A19103F-16F7-4668-BE54-9A1E7A4F7556}") = "App.WebCore", "NetStandard\App.WebCore\App.WebCore.csproj", "{EBD692C7-AD1F-4EE8-AFAA-457299CE1DBD}"
EndProject
Project("{2150E333-8FDC-42A3-9474-1A3956D46DE8}") = "NetStandard", "NetStandard", "{ABFC817E-2CA1-4AE6-8158-3B94D0F297B3}"
EndProject
Project("{9A19103F-16F7-4668-BE54-9A1E7A4F7556}") = "App.Entities", "NetStandard\App.Entities\App.Entities.csproj", "{029A253E-1860-4774-993C-EFECCA25AC2A}"
EndProject
Global
	GlobalSection(SolutionConfigurationPlatforms) = preSolution
		Debug|Any CPU = Debug|Any CPU
		Release|Any CPU = Release|Any CPU
	EndGlobalSection
	GlobalSection(ProjectConfigurationPlatforms) = postSolution
		{FED00A26-F7E0-45A2-8998-6CF4F4D4B39B}.Debug|Any CPU.ActiveCfg = Debug|Any CPU
		{FED00A26-F7E0-45A2-8998-6CF4F4D4B39B}.Debug|Any CPU.Build.0 = Debug|Any CPU
		{FED00A26-F7E0-45A2-8998-6CF4F4D4B39B}.Release|Any CPU.ActiveCfg = Release|Any CPU
		{FED00A26-F7E0-45A2-8998-6CF4F4D4B39B}.Release|Any CPU.Build.0 = Release|Any CPU
		{2456A3B4-4AF1-424B-B184-56D54E370AB4}.Debug|Any CPU.ActiveCfg = Debug|Any CPU
		{2456A3B4-4AF1-424B-B184-56D54E370AB4}.Debug|Any CPU.Build.0 = Debug|Any CPU
		{2456A3B4-4AF1-424B-B184-56D54E370AB4}.Release|Any CPU.ActiveCfg = Release|Any CPU
		{2456A3B4-4AF1-424B-B184-56D54E370AB4}.Release|Any CPU.Build.0 = Release|Any CPU
		{EBD692C7-AD1F-4EE8-AFAA-457299CE1DBD}.Debug|Any CPU.ActiveCfg = Debug|Any CPU
		{EBD692C7-AD1F-4EE8-AFAA-457299CE1DBD}.Debug|Any CPU.Build.0 = Debug|Any CPU
		{EBD692C7-AD1F-4EE8-AFAA-457299CE1DBD}.Release|Any CPU.ActiveCfg = Release|Any CPU
		{EBD692C7-AD1F-4EE8-AFAA-457299CE1DBD}.Release|Any CPU.Build.0 = Release|Any CPU
		{029A253E-1860-4774-993C-EFECCA25AC2A}.Debug|Any CPU.ActiveCfg = Debug|Any CPU
		{029A253E-1860-4774-993C-EFECCA25AC2A}.Debug|Any CPU.Build.0 = Debug|Any CPU
		{029A253E-1860-4774-993C-EFECCA25AC2A}.Release|Any CPU.ActiveCfg = Release|Any CPU
		{029A253E-1860-4774-993C-EFECCA25AC2A}.Release|Any CPU.Build.0 = Release|Any CPU
	EndGlobalSection
	GlobalSection(SolutionProperties) = preSolution
		HideSolutionNode = FALSE
	EndGlobalSection
	GlobalSection(NestedProjects) = preSolution
		{FED00A26-F7E0-45A2-8998-6CF4F4D4B39B} = {ABFC817E-2CA1-4AE6-8158-3B94D0F297B3}
		{2456A3B4-4AF1-424B-B184-56D54E370AB4} = {ABFC817E-2CA1-4AE6-8158-3B94D0F297B3}
		{EBD692C7-AD1F-4EE8-AFAA-457299CE1DBD} = {ABFC817E-2CA1-4AE6-8158-3B94D0F297B3}
		{029A253E-1860-4774-993C-EFECCA25AC2A} = {ABFC817E-2CA1-4AE6-8158-3B94D0F297B3}
	EndGlobalSection
	GlobalSection(ExtensibilityGlobals) = postSolution
		SolutionGuid = {17C56066-22FD-4FD7-9584-C299ECB1E041}
	EndGlobalSection
EndGlobal
